
Microsoft Visual Studio Solution File, Format Version 12.00
# Visual Studio Version 17
VisualStudioVersion = 17.4.33205.214
MinimumVisualStudioVersion = 10.0.40219.1
Project("{9A19103F-16F7-4668-BE54-9A1E7A4F7556}") = "Chillify.Dal", "Chillify.Dal\Chillify.Dal.csproj", "{317F2762-F1B9-4589-B88B-655337878326}"
EndProject
Project("{9A19103F-16F7-4668-BE54-9A1E7A4F7556}") = "Chillify.Entities", "Chillify.Entities\Chillify.Entities.csproj", "{28C699D1-3FD7-4FAF-B6F9-5855F8D09BFC}"
EndProject
Project("{9A19103F-16F7-4668-BE54-9A1E7A4F7556}") = "Chillify.Blaz.Server", "Chillify.Blaz\Server\Chillify.Blaz.Server.csproj", "{F1D3C9CE-7DBE-45A5-8DFB-81E5FA699E3B}"
EndProject
Project("{9A19103F-16F7-4668-BE54-9A1E7A4F7556}") = "Chillify.Blaz.Client", "Chillify.Blaz\Client\Chillify.Blaz.Client.csproj", "{6A01868F-D06C-4C5D-AF6D-D74B818E408B}"
EndProject
Project("{9A19103F-16F7-4668-BE54-9A1E7A4F7556}") = "Chillify.Blaz.Shared", "Chillify.Blaz\Shared\Chillify.Blaz.Shared.csproj", "{655ABA71-2B9D-4C27-8883-38DDA8FB80CE}"
EndProject
Project("{9A19103F-16F7-4668-BE54-9A1E7A4F7556}") = "Chillify.Core", "Chillify.Core\Chillify.Core.csproj", "{8EC1D3AA-5A95-4B9C-BE64-F8F9E598074B}"
EndProject
Project("{9A19103F-16F7-4668-BE54-9A1E7A4F7556}") = "Chillify.FrontServices", "Chillify.FrontServices\Chillify.FrontServices.csproj", "{2A733D87-7B49-4E73-8546-81A3E9262AD2}"
EndProject
Project("{9A19103F-16F7-4668-BE54-9A1E7A4F7556}") = "Chillify.Models", "Chillify.Models\Chillify.Models.csproj", "{6E1B314E-645D-4438-B8CD-93E3FC08AA38}"
EndProject
Global
	GlobalSection(SolutionConfigurationPlatforms) = preSolution
		Debug|Any CPU = Debug|Any CPU
		Release|Any CPU = Release|Any CPU
	EndGlobalSection
	GlobalSection(ProjectConfigurationPlatforms) = postSolution
		{317F2762-F1B9-4589-B88B-655337878326}.Debug|Any CPU.ActiveCfg = Debug|Any CPU
		{317F2762-F1B9-4589-B88B-655337878326}.Debug|Any CPU.Build.0 = Debug|Any CPU
		{317F2762-F1B9-4589-B88B-655337878326}.Release|Any CPU.ActiveCfg = Release|Any CPU
		{317F2762-F1B9-4589-B88B-655337878326}.Release|Any CPU.Build.0 = Release|Any CPU
		{28C699D1-3FD7-4FAF-B6F9-5855F8D09BFC}.Debug|Any CPU.ActiveCfg = Debug|Any CPU
		{28C699D1-3FD7-4FAF-B6F9-5855F8D09BFC}.Debug|Any CPU.Build.0 = Debug|Any CPU
		{28C699D1-3FD7-4FAF-B6F9-5855F8D09BFC}.Release|Any CPU.ActiveCfg = Release|Any CPU
		{28C699D1-3FD7-4FAF-B6F9-5855F8D09BFC}.Release|Any CPU.Build.0 = Release|Any CPU
		{F1D3C9CE-7DBE-45A5-8DFB-81E5FA699E3B}.Debug|Any CPU.ActiveCfg = Debug|Any CPU
		{F1D3C9CE-7DBE-45A5-8DFB-81E5FA699E3B}.Debug|Any CPU.Build.0 = Debug|Any CPU
		{F1D3C9CE-7DBE-45A5-8DFB-81E5FA699E3B}.Release|Any CPU.ActiveCfg = Release|Any CPU
		{F1D3C9CE-7DBE-45A5-8DFB-81E5FA699E3B}.Release|Any CPU.Build.0 = Release|Any CPU
		{6A01868F-D06C-4C5D-AF6D-D74B818E408B}.Debug|Any CPU.ActiveCfg = Debug|Any CPU
		{6A01868F-D06C-4C5D-AF6D-D74B818E408B}.Debug|Any CPU.Build.0 = Debug|Any CPU
		{6A01868F-D06C-4C5D-AF6D-D74B818E408B}.Release|Any CPU.ActiveCfg = Release|Any CPU
		{6A01868F-D06C-4C5D-AF6D-D74B818E408B}.Release|Any CPU.Build.0 = Release|Any CPU
		{655ABA71-2B9D-4C27-8883-38DDA8FB80CE}.Debug|Any CPU.ActiveCfg = Debug|Any CPU
		{655ABA71-2B9D-4C27-8883-38DDA8FB80CE}.Debug|Any CPU.Build.0 = Debug|Any CPU
		{655ABA71-2B9D-4C27-8883-38DDA8FB80CE}.Release|Any CPU.ActiveCfg = Release|Any CPU
		{655ABA71-2B9D-4C27-8883-38DDA8FB80CE}.Release|Any CPU.Build.0 = Release|Any CPU
		{8EC1D3AA-5A95-4B9C-BE64-F8F9E598074B}.Debug|Any CPU.ActiveCfg = Debug|Any CPU
		{8EC1D3AA-5A95-4B9C-BE64-F8F9E598074B}.Debug|Any CPU.Build.0 = Debug|Any CPU
		{8EC1D3AA-5A95-4B9C-BE64-F8F9E598074B}.Release|Any CPU.ActiveCfg = Release|Any CPU
		{8EC1D3AA-5A95-4B9C-BE64-F8F9E598074B}.Release|Any CPU.Build.0 = Release|Any CPU
		{2A733D87-7B49-4E73-8546-81A3E9262AD2}.Debug|Any CPU.ActiveCfg = Debug|Any CPU
		{2A733D87-7B49-4E73-8546-81A3E9262AD2}.Debug|Any CPU.Build.0 = Debug|Any CPU
		{2A733D87-7B49-4E73-8546-81A3E9262AD2}.Release|Any CPU.ActiveCfg = Release|Any CPU
		{2A733D87-7B49-4E73-8546-81A3E9262AD2}.Release|Any CPU.Build.0 = Release|Any CPU
		{6E1B314E-645D-4438-B8CD-93E3FC08AA38}.Debug|Any CPU.ActiveCfg = Debug|Any CPU
		{6E1B314E-645D-4438-B8CD-93E3FC08AA38}.Debug|Any CPU.Build.0 = Debug|Any CPU
		{6E1B314E-645D-4438-B8CD-93E3FC08AA38}.Release|Any CPU.ActiveCfg = Release|Any CPU
		{6E1B314E-645D-4438-B8CD-93E3FC08AA38}.Release|Any CPU.Build.0 = Release|Any CPU
	EndGlobalSection
	GlobalSection(SolutionProperties) = preSolution
		HideSolutionNode = FALSE
	EndGlobalSection
	GlobalSection(ExtensibilityGlobals) = postSolution
		SolutionGuid = {E2075D54-A7E7-4657-BE0B-577554A60E24}
	EndGlobalSection
EndGlobal
